core:changelogs:
  - content: "---\npackages:\n  github.com/minpeter/global-egress:\n    type: patch\n---\n\n## Export the collector control token path\n\nPass `CONTROL_TOKEN_FILE` from the OpenRC confd into the metrics collector process so authenticated control scraping works after restart.\n"
    filename: 2026-08-27-openrc-collector-token-export.md
    v: 0.0.0
core:packages:
  - changelogIds:
      - 2026-08-27-openrc-collector-token-export.md
    id: go:github.com/minpeter/global-egress
    updated: true
go-root:version:
  - version: 0.0.3
